
Microsoft Visual Studio Solution File, Format Version 12.00
# Visual Studio Version 17
VisualStudioVersion = 17.11.35303.130
MinimumVisualStudioVersion = 10.0.40219.1
Project("{9A19103F-16F7-4668-BE54-9A1E7A4F7556}") = "SportsApp", "SportsApp\SportsApp.csproj", "{414FD0C8-C922-4759-A7E0-941AC1DE0D35}"
EndProject
Project("{FAE04EC0-301F-11D3-BF4B-00C04F79EFBC}") = "SportsWPF", "SportsWPF\SportsWPF.csproj", "{1026177F-6735-42BC-8900-80510A234AD9}"
EndProject
Project("{FAE04EC0-301F-11D3-BF4B-00C04F79EFBC}") = "WPFTests2", "WPFTests2\WPFTests2.csproj", "{52273B37-797D-4572-ADBF-E4F1272619F0}"
EndProject
Project("{FAE04EC0-301F-11D3-BF4B-00C04F79EFBC}") = "SportsTests", "SportsTests\SportsTests.csproj", "{53CFC4D6-0520-4EFD-A6F7-84B40673672C}"
EndProject
Global
	GlobalSection(SolutionConfigurationPlatforms) = preSolution
		Debug|Any CPU = Debug|Any CPU
		Release|Any CPU = Release|Any CPU
	EndGlobalSection
	GlobalSection(ProjectConfigurationPlatforms) = postSolution
		{414FD0C8-C922-4759-A7E0-941AC1DE0D35}.Debug|Any CPU.ActiveCfg = Debug|Any CPU
		{414FD0C8-C922-4759-A7E0-941AC1DE0D35}.Debug|Any CPU.Build.0 = Debug|Any CPU
		{414FD0C8-C922-4759-A7E0-941AC1DE0D35}.Release|Any CPU.ActiveCfg = Release|Any CPU
		{414FD0C8-C922-4759-A7E0-941AC1DE0D35}.Release|Any CPU.Build.0 = Release|Any CPU
		{1026177F-6735-42BC-8900-80510A234AD9}.Debug|Any CPU.ActiveCfg = Debug|Any CPU
		{1026177F-6735-42BC-8900-80510A234AD9}.Debug|Any CPU.Build.0 = Debug|Any CPU
		{1026177F-6735-42BC-8900-80510A234AD9}.Release|Any CPU.ActiveCfg = Release|Any CPU
		{1026177F-6735-42BC-8900-80510A234AD9}.Release|Any CPU.Build.0 = Release|Any CPU
		{52273B37-797D-4572-ADBF-E4F1272619F0}.Debug|Any CPU.ActiveCfg = Debug|Any CPU
		{52273B37-797D-4572-ADBF-E4F1272619F0}.Debug|Any CPU.Build.0 = Debug|Any CPU
		{52273B37-797D-4572-ADBF-E4F1272619F0}.Release|Any CPU.ActiveCfg = Release|Any CPU
		{52273B37-797D-4572-ADBF-E4F1272619F0}.Release|Any CPU.Build.0 = Release|Any CPU
		{53CFC4D6-0520-4EFD-A6F7-84B40673672C}.Debug|Any CPU.ActiveCfg = Debug|Any CPU
		{53CFC4D6-0520-4EFD-A6F7-84B40673672C}.Debug|Any CPU.Build.0 = Debug|Any CPU
		{53CFC4D6-0520-4EFD-A6F7-84B40673672C}.Release|Any CPU.ActiveCfg = Release|Any CPU
		{53CFC4D6-0520-4EFD-A6F7-84B40673672C}.Release|Any CPU.Build.0 = Release|Any CPU
	EndGlobalSection
	GlobalSection(SolutionProperties) = preSolution
		HideSolutionNode = FALSE
	EndGlobalSection
	GlobalSection(ExtensibilityGlobals) = postSolution
		SolutionGuid = {925E065E-D1D9-4B02-A1B1-8F827F1B329B}
	EndGlobalSection
EndGlobal
