
Microsoft Visual Studio Solution File, Format Version 12.00
# Visual Studio Version 17
VisualStudioVersion = 17.11.35222.181
MinimumVisualStudioVersion = 10.0.40219.1
Project("{9A19103F-16F7-4668-BE54-9A1E7A4F7556}") = "TestFirstSprint2-Luis", "TestFirstSprint2-Luis.csproj", "{B729BA51-312B-42EB-A789-75B7C62D98E5}"
EndProject
Project("{FAE04EC0-301F-11D3-BF4B-00C04F79EFBC}") = "SkateBoardTests", "..\SkateBoardTests\SkateBoardTests.csproj", "{77199E2C-44B8-48CE-AA6E-BE17C125970E}"
EndProject
Global
	GlobalSection(SolutionConfigurationPlatforms) = preSolution
		Debug|Any CPU = Debug|Any CPU
		Release|Any CPU = Release|Any CPU
	EndGlobalSection
	GlobalSection(ProjectConfigurationPlatforms) = postSolution
		{B729BA51-312B-42EB-A789-75B7C62D98E5}.Debug|Any CPU.ActiveCfg = Debug|Any CPU
		{B729BA51-312B-42EB-A789-75B7C62D98E5}.Debug|Any CPU.Build.0 = Debug|Any CPU
		{B729BA51-312B-42EB-A789-75B7C62D98E5}.Release|Any CPU.ActiveCfg = Release|Any CPU
		{B729BA51-312B-42EB-A789-75B7C62D98E5}.Release|Any CPU.Build.0 = Release|Any CPU
		{77199E2C-44B8-48CE-AA6E-BE17C125970E}.Debug|Any CPU.ActiveCfg = Debug|Any CPU
		{77199E2C-44B8-48CE-AA6E-BE17C125970E}.Debug|Any CPU.Build.0 = Debug|Any CPU
		{77199E2C-44B8-48CE-AA6E-BE17C125970E}.Release|Any CPU.ActiveCfg = Release|Any CPU
		{77199E2C-44B8-48CE-AA6E-BE17C125970E}.Release|Any CPU.Build.0 = Release|Any CPU
	EndGlobalSection
	GlobalSection(SolutionProperties) = preSolution
		HideSolutionNode = FALSE
	EndGlobalSection
	GlobalSection(ExtensibilityGlobals) = postSolution
		SolutionGuid = {6E73602F-D29E-4345-AB6F-6EA3EEAD56A1}
	EndGlobalSection
EndGlobal
